
Microsoft Visual Studio Solution File, Format Version 12.00
# Visual Studio Version 17
VisualStudioVersion = 17.7.34024.191
MinimumVisualStudioVersion = 10.0.40219.1
Project("{FAE04EC0-301F-11D3-BF4B-00C04F79EFBC}") = "Lab_6_Work_2", "Lab_6_Work_2\Lab_6_Work_2.csproj", "{1E28CEAF-CF25-48B8-AD9F-AEF44BC1F622}"
EndProject
Global
	GlobalSection(SolutionConfigurationPlatforms) = preSolution
		Debug|Any CPU = Debug|Any CPU
		Release|Any CPU = Release|Any CPU
	EndGlobalSection
	GlobalSection(ProjectConfigurationPlatforms) = postSolution
		{1E28CEAF-CF25-48B8-AD9F-AEF44BC1F622}.Debug|Any CPU.ActiveCfg = Debug|Any CPU
		{1E28CEAF-CF25-48B8-AD9F-AEF44BC1F622}.Debug|Any CPU.Build.0 = Debug|Any CPU
		{1E28CEAF-CF25-48B8-AD9F-AEF44BC1F622}.Release|Any CPU.ActiveCfg = Release|Any CPU
		{1E28CEAF-CF25-48B8-AD9F-AEF44BC1F622}.Release|Any CPU.Build.0 = Release|Any CPU
	EndGlobalSection
	GlobalSection(SolutionProperties) = preSolution
		HideSolutionNode = FALSE
	EndGlobalSection
	GlobalSection(ExtensibilityGlobals) = postSolution
		SolutionGuid = {E3958080-BCB1-487F-AE25-3D36C6C44981}
	EndGlobalSection
EndGlobal
